
Microsoft Visual Studio Solution File, Format Version 12.00
# Visual Studio 14
VisualStudioVersion = 14.0.25420.1
MinimumVisualStudioVersion = 10.0.40219.1
Project("{FAE04EC0-301F-11D3-BF4B-00C04F79EFBC}") = "CrawlerFish", "CrawlerFish\CrawlerFish.csproj", "{0F4A1764-A5E9-42C7-BB30-5030842688AA}"
EndProject
Project("{FAE04EC0-301F-11D3-BF4B-00C04F79EFBC}") = "CrawlerFish.Tests", "CrawlerFishTests\CrawlerFish.Tests.csproj", "{AAA667BF-4E1D-4114-9358-5E9FCD8D499F}"
EndProject
Global
	GlobalSection(SolutionConfigurationPlatforms) = preSolution
		Debug|Any CPU = Debug|Any CPU
		Release|Any CPU = Release|Any CPU
	EndGlobalSection
	GlobalSection(ProjectConfigurationPlatforms) = postSolution
		{0F4A1764-A5E9-42C7-BB30-5030842688AA}.Debug|Any CPU.ActiveCfg = Debug|Any CPU
		{0F4A1764-A5E9-42C7-BB30-5030842688AA}.Debug|Any CPU.Build.0 = Debug|Any CPU
		{0F4A1764-A5E9-42C7-BB30-5030842688AA}.Release|Any CPU.ActiveCfg = Release|Any CPU
		{0F4A1764-A5E9-42C7-BB30-5030842688AA}.Release|Any CPU.Build.0 = Release|Any CPU
		{AAA667BF-4E1D-4114-9358-5E9FCD8D499F}.Debug|Any CPU.ActiveCfg = Debug|Any CPU
		{AAA667BF-4E1D-4114-9358-5E9FCD8D499F}.Debug|Any CPU.Build.0 = Debug|Any CPU
		{AAA667BF-4E1D-4114-9358-5E9FCD8D499F}.Release|Any CPU.ActiveCfg = Release|Any CPU
		{AAA667BF-4E1D-4114-9358-5E9FCD8D499F}.Release|Any CPU.Build.0 = Release|Any CPU
	EndGlobalSection
	GlobalSection(SolutionProperties) = preSolution
		HideSolutionNode = FALSE
	EndGlobalSection
EndGlobal
